lockVersion: 2.0.0
id: b2cbf03b-5653-4edf-9733-4348310011a6
management:
  docChecksum: 7cdfa2f8b7b1e64ebe3b401c30f6f19f
  docVersion: "2022-12-05"
  speakeasyVersion: internal
  generationVersion: 2.272.7
  releaseVersion: 3.1.3
  configChecksum: 1819781248f953c683ecc8a8c79690ae
  repoURL: https://github.com/speakeasy-sdks/naumanali.git
  repoSubDirectory: .
  installationURL: https://github.com/speakeasy-sdks/naumanali
  published: true
features:
  go:
    constsAndDefaults: 0.1.3
    core: 3.4.3
    globalSecurity: 2.82.8
    globalServerURLs: 2.82.1
generatedFiles:
  - apitest.go
  - go.mod
  - pkg/models/sdkerrors/sdkerror.go
  - pkg/types/bigint.go
  - pkg/types/date.go
  - pkg/types/datetime.go
  - pkg/types/decimal.go
  - pkg/types/pointers.go
  - pkg/utils/contenttype.go
  - pkg/utils/form.go
  - pkg/utils/headers.go
  - pkg/utils/json.go
  - pkg/utils/pathparams.go
  - pkg/utils/queryparams.go
  - pkg/utils/requestbody.go
  - pkg/utils/retries.go
  - pkg/utils/security.go
  - pkg/utils/utils.go
  - /pkg/models/operations/exportfilebybranch.go
  - /pkg/models/operations/exportfilebycommit.go
  - /pkg/models/sdkerrors/badrequestproblemdetail.go
  - /pkg/models/sdkerrors/unauthorizedproblemdetail.go
  - /pkg/models/sdkerrors/paymentrequiredproblemdetail.go
  - /pkg/models/sdkerrors/forbiddenproblemdetail.go
  - /pkg/models/sdkerrors/notfoundproblemdetail.go
  - /pkg/models/sdkerrors/conflictproblemdetail.go
  - /pkg/models/sdkerrors/exportfilefailedproblemdetail.go
  - /pkg/models/sdkerrors/toomanyrequestsproblemdetail.go
  - /pkg/models/sdkerrors/internalservererrorproblemdetail.go
  - /pkg/models/shared/invalidparameter.go
  - /pkg/models/shared/exportproblem.go
  - /pkg/models/shared/security.go
  - docs/pkg/models/operations/stoplightapiversionstring.md
  - docs/pkg/models/operations/exportfilebybranchrequest.md
  - docs/pkg/models/operations/exportfilebybranchresponse.md
  - docs/pkg/models/operations/headerstoplightapiversionstring.md
  - docs/pkg/models/operations/exportfilebycommitrequest.md
  - docs/pkg/models/operations/exportfilebycommitresponse.md
  - docs/pkg/models/sdkerrors/problemdetailstatus.md
  - docs/pkg/models/sdkerrors/badrequestproblemdetail.md
  - docs/pkg/models/sdkerrors/schemasunauthorizedproblemdetailproblemdetailstatus.md
  - docs/pkg/models/sdkerrors/unauthorizedproblemdetail.md
  - docs/pkg/models/sdkerrors/schemaspaymentrequiredproblemdetailproblemdetailstatus.md
  - docs/pkg/models/sdkerrors/paymentrequiredproblemdetail.md
  - docs/pkg/models/sdkerrors/schemasforbiddenproblemdetailproblemdetailstatus.md
  - docs/pkg/models/sdkerrors/forbiddenproblemdetail.md
  - docs/pkg/models/sdkerrors/schemasnotfoundproblemdetailproblemdetailstatus.md
  - docs/pkg/models/sdkerrors/notfoundproblemdetail.md
  - docs/pkg/models/sdkerrors/schemasproblemdetailstatus.md
  - docs/pkg/models/sdkerrors/conflictproblemdetail.md
  - docs/pkg/models/sdkerrors/schemasexportfilefailedproblemdetailproblemdetailstatus.md
  - docs/pkg/models/sdkerrors/exportfilefailedproblemdetail.md
  - docs/pkg/models/sdkerrors/schemastoomanyrequestsproblemdetailproblemdetailstatus.md
  - docs/pkg/models/sdkerrors/toomanyrequestsproblemdetail.md
  - docs/pkg/models/sdkerrors/schemasinternalservererrorproblemdetailproblemdetailstatus.md
  - docs/pkg/models/sdkerrors/internalservererrorproblemdetail.md
  - docs/pkg/models/shared/in.md
  - docs/pkg/models/shared/invalidparameter.md
  - docs/pkg/models/shared/exportproblem.md
  - docs/pkg/models/shared/security.md
  - docs/sdks/apitest/README.md
  - USAGE.md
  - pkg/models/operations/options.go
  - .gitattributes
  - internal/hooks/hooks.go
